{
  "name": "5.5",
  "lockfileVersion": 3,
  "requires": true,
  "packages": {
    "": {
      "dependencies": {
        "types-registry": "^0.1.699"
      },
      "devDependencies": {
        "@types/enzyme": "^3.10.18",
        "@types/enzyme-adapter-react-16": "^1.0.9",
        "@types/get-pixels": "^3.3.4",
        "@types/gh-pages": "^6.1.0",
        "@types/mime-types": "^2.1.4",
        "@types/ndarray": "^1.0.14",
        "@types/object-assign": "^4.0.33",
        "@types/omggif": "^1.0.5",
        "@types/pngjs": "^6.0.5",
        "@types/prop-types": "^15.7.14",
        "@types/raf": "^3.4.3",
        "@types/react": "^19.0.1",
        "@types/react-dom": "^19.0.2",
        "@types/react-headroom": "^3.2.3",
        "@types/react-is": "^19.0.0",
        "@types/react-test-renderer": "^19.0.0",
        "@types/request": "^2.48.12",
        "@types/scriptjs": "^0.0.5",
        "@types/shallowequal": "^1.1.5"
      }
    },
    "node_modules/@types/caseless": {
      "version": "0.12.5",
      "resolved": "https://registry.npmjs.org/@types/caseless/-/caseless-0.12.5.tgz",
      "integrity": "sha512-hWtVTC2q7hc7xZ/RLbxapMvDMgUnDvKvMOpKal4DrMyfGBUfB1oKaZlIRr6mJL+If3bAP6sV/QneGzF6tJjZDg==",
      "dev": true,
      "license": "MIT"
    },
    "node_modules/@types/cheerio": {
      "version": "0.22.35",
      "resolved": "https://registry.npmjs.org/@types/cheerio/-/cheerio-0.22.35.tgz",
      "integrity": "sha512-yD57BchKRvTV+JD53UZ6PD8KWY5g5rvvMLRnZR3EQBCZXiDT/HR+pKpMzFGlWNhFrXlo7VPZXtKvIEwZkAWOIA==",
      "dev": true,
      "license": "MIT",
      "dependencies": {
        "@types/node": "*"
      }
    },
    "node_modules/@types/enzyme": {
      "version": "3.10.18",
      "resolved": "https://registry.npmjs.org/@types/enzyme/-/enzyme-3.10.18.tgz",
      "integrity": "sha512-RaO/TyyHZvXkpzinbMTZmd/S5biU4zxkvDsn22ujC29t9FMSzq8tnn8f2MxQ2P8GVhFRG5jTAL05DXKyTtpEQQ==",
      "dev": true,
      "license": "MIT",
      "dependencies": {
        "@types/cheerio": "*",
        "@types/react": "^16"
      }
    },
    "node_modules/@types/enzyme-adapter-react-16": {
      "version": "1.0.9",
      "resolved": "https://registry.npmjs.org/@types/enzyme-adapter-react-16/-/enzyme-adapter-react-16-1.0.9.tgz",
      "integrity": "sha512-z24MMxGtUL8HhXdye3tWzjp+19QTsABqLaX2oOZpxMPHRJgLfahQmOeTTrEBQd9ogW20+UmPBXD9j+XOasFHvw==",
      "dev": true,
      "license": "MIT",
      "dependencies": {
        "@types/enzyme": "*"
      }
    },
    "node_modules/@types/enzyme/node_modules/@types/react": {
      "version": "16.14.62",
      "resolved": "https://registry.npmjs.org/@types/react/-/react-16.14.62.tgz",
      "integrity": "sha512-BWf7hqninZav6nerxXj+NeZT/mTpDeG6Lk2zREHAy63CrnXoOGPGtNqTFYFN/sqpSaREDP5otVV88axIXmKfGA==",
      "dev": true,
      "license": "MIT",
      "dependencies": {
        "@types/prop-types": "*",
        "@types/scheduler": "^0.16",
        "csstype": "^3.0.2"
      }
    },
    "node_modules/@types/get-pixels": {
      "version": "3.3.4",
      "resolved": "https://registry.npmjs.org/@types/get-pixels/-/get-pixels-3.3.4.tgz",
      "integrity": "sha512-kKf3gEwwOmhCqWTvF5tW2VccjEji5tvh8CnoEkvCTrRMRj+QHyBOVbZqINjDVhU+gxroHe6CdP53+XCEbxxbLA==",
      "dev": true,
      "license": "MIT",
      "dependencies": {
        "@types/ndarray": "*",
        "@types/node": "*"
      }
    },
    "node_modules/@types/gh-pages": {
      "version": "6.1.0",
      "resolved": "https://registry.npmjs.org/@types/gh-pages/-/gh-pages-6.1.0.tgz",
      "integrity": "sha512-Ma9bmKkE+WUtywENLC1rSLXTW66cJHJMWX2RQrJTMKhYM8o+73bRJ1ebfo3RWXUcG+HW3khky2nhVaN7nCsa3Q==",
      "dev": true,
      "license": "MIT"
    },
    "node_modules/@types/mime-types": {
      "version": "2.1.4",
      "resolved": "https://registry.npmjs.org/@types/mime-types/-/mime-types-2.1.4.tgz",
      "integrity": "sha512-lfU4b34HOri+kAY5UheuFMWPDOI+OPceBSHZKp69gEyTL/mmJ4cnU6Y/rlme3UL3GyOn6Y42hyIEw0/q8sWx5w==",
      "dev": true,
      "license": "MIT"
    },
    "node_modules/@types/ndarray": {
      "version": "1.0.14",
      "resolved": "https://registry.npmjs.org/@types/ndarray/-/ndarray-1.0.14.tgz",
      "integrity": "sha512-oANmFZMnFQvb219SSBIhI1Ih/r4CvHDOzkWyJS/XRqkMrGH5/kaPSA1hQhdIBzouaE+5KpE/f5ylI9cujmckQg==",
      "dev": true,
      "license": "MIT"
    },
    "node_modules/@types/node": {
      "version": "22.10.2",
      "resolved": "https://registry.npmjs.org/@types/node/-/node-22.10.2.tgz",
      "integrity": "sha512-Xxr6BBRCAOQixvonOye19wnzyDiUtTeqldOOmj3CkeblonbccA12PFwlufvRdrpjXxqnmUaeiU5EOA+7s5diUQ==",
      "dev": true,
      "license": "MIT",
      "dependencies": {
        "undici-types": "~6.20.0"
      }
    },
    "node_modules/@types/object-assign": {
      "version": "4.0.33",
      "resolved": "https://registry.npmjs.org/@types/object-assign/-/object-assign-4.0.33.tgz",
      "integrity": "sha512-HeuamLPmpVPuJU/oY7z/YGAezy4HFy6mhvzwupi9Xc8n0FKY8tR1/U3AKaOn/I5Mb4dvbw2szSYcXi84eW07TQ==",
      "dev": true,
      "license": "MIT"
    },
    "node_modules/@types/omggif": {
      "version": "1.0.5",
      "resolved": "https://registry.npmjs.org/@types/omggif/-/omggif-1.0.5.tgz",
      "integrity": "sha512-gDQJflz1rOgEcUXkMAl80bDGN46f5mp8GbcM5dyvq+zsFV6YRBRtmNxlJJ5mjY77T7BRkRFzdIBVmK90QYhCxA==",
      "dev": true,
      "license": "MIT"
    },
    "node_modules/@types/pngjs": {
      "version": "6.0.5",
      "resolved": "https://registry.npmjs.org/@types/pngjs/-/pngjs-6.0.5.tgz",
      "integrity": "sha512-0k5eKfrA83JOZPppLtS2C7OUtyNAl2wKNxfyYl9Q5g9lPkgBl/9hNyAu6HuEH2J4XmIv2znEpkDd0SaZVxW6iQ==",
      "dev": true,
      "license": "MIT",
      "dependencies": {
        "@types/node": "*"
      }
    },
    "node_modules/@types/prop-types": {
      "version": "15.7.14",
      "resolved": "https://registry.npmjs.org/@types/prop-types/-/prop-types-15.7.14.tgz",
      "integrity": "sha512-gNMvNH49DJ7OJYv+KAKn0Xp45p8PLl6zo2YnvDIbTd4J6MER2BmWN49TG7n9LvkyihINxeKW8+3bfS2yDC9dzQ==",
      "dev": true,
      "license": "MIT"
    },
    "node_modules/@types/raf": {
      "version": "3.4.3",
      "resolved": "https://registry.npmjs.org/@types/raf/-/raf-3.4.3.tgz",
      "integrity": "sha512-c4YAvMedbPZ5tEyxzQdMoOhhJ4RD3rngZIdwC2/qDN3d7JpEhB6fiBRKVY1lg5B7Wk+uPBjn5f39j1/2MY1oOw==",
      "dev": true,
      "license": "MIT"
    },
    "node_modules/@types/react": {
      "version": "19.0.1",
      "resolved": "https://registry.npmjs.org/@types/react/-/react-19.0.1.tgz",
      "integrity": "sha512-YW6614BDhqbpR5KtUYzTA+zlA7nayzJRA9ljz9CQoxthR0sDisYZLuvSMsil36t4EH/uAt8T52Xb4sVw17G+SQ==",
      "dev": true,
      "license": "MIT",
      "dependencies": {
        "csstype": "^3.0.2"
      }
    },
    "node_modules/@types/react-dom": {
      "version": "19.0.2",
      "resolved": "https://registry.npmjs.org/@types/react-dom/-/react-dom-19.0.2.tgz",
      "integrity": "sha512-c1s+7TKFaDRRxr1TxccIX2u7sfCnc3RxkVyBIUA2lCpyqCF+QoAwQ/CBg7bsMdVwP120HEH143VQezKtef5nCg==",
      "dev": true,
      "license": "MIT",
      "peerDependencies": {
        "@types/react": "^19.0.0"
      }
    },
    "node_modules/@types/react-headroom": {
      "version": "3.2.3",
      "resolved": "https://registry.npmjs.org/@types/react-headroom/-/react-headroom-3.2.3.tgz",
      "integrity": "sha512-rdgcMfoxN6wnGm8mSlwA7vuuK8ojXUI/tWHX1qJSAS7DNuvt7zv3zUtYs15UETEtE0Wc2YJCq0PZlHhZ+lRP4Q==",
      "dev": true,
      "license": "MIT",
      "dependencies": {
        "@types/react": "*"
      }
    },
    "node_modules/@types/react-is": {
      "version": "19.0.0",
      "resolved": "https://registry.npmjs.org/@types/react-is/-/react-is-19.0.0.tgz",
      "integrity": "sha512-71dSZeeJ0t3aoPyY9x6i+JNSvg5m9EF2i2OlSZI5QoJuI8Ocgor610i+4A10TQmURR+0vLwcVCEYFpXdzM1Biw==",
      "dev": true,
      "license": "MIT",
      "dependencies": {
        "@types/react": "*"
      }
    },
    "node_modules/@types/react-test-renderer": {
      "version": "19.0.0",
      "resolved": "https://registry.npmjs.org/@types/react-test-renderer/-/react-test-renderer-19.0.0.tgz",
      "integrity": "sha512-qDVnNybqFm2eZKJ4jD34EvRd6VHD67KjgnWaEMM0Id9L22EpWe3nOSVKHWL1XWRCxUWe3lhXwlEeCKD1BlJCQA==",
      "dev": true,
      "license": "MIT",
      "dependencies": {
        "@types/react": "*"
      }
    },
    "node_modules/@types/request": {
      "version": "2.48.12",
      "resolved": "https://registry.npmjs.org/@types/request/-/request-2.48.12.tgz",
      "integrity": "sha512-G3sY+NpsA9jnwm0ixhAFQSJ3Q9JkpLZpJbI3GMv0mIAT0y3mRabYeINzal5WOChIiaTEGQYlHOKgkaM9EisWHw==",
      "dev": true,
      "license": "MIT",
      "dependencies": {
        "@types/caseless": "*",
        "@types/node": "*",
        "@types/tough-cookie": "*",
        "form-data": "^2.5.0"
      }
    },
    "node_modules/@types/scheduler": {
      "version": "0.16.8",
      "resolved": "https://registry.npmjs.org/@types/scheduler/-/scheduler-0.16.8.tgz",
      "integrity": "sha512-WZLiwShhwLRmeV6zH+GkbOFT6Z6VklCItrDioxUnv+u4Ll+8vKeFySoFyK/0ctcRpOmwAicELfmys1sDc/Rw+A==",
      "dev": true,
      "license": "MIT"
    },
    "node_modules/@types/scriptjs": {
      "version": "0.0.5",
      "resolved": "https://registry.npmjs.org/@types/scriptjs/-/scriptjs-0.0.5.tgz",
      "integrity": "sha512-VBvMGKC/m4dBW/9TiC6yRJJrbwrW4vrzjAKjS8wMmUBe1pWTCt+2yXjUMWdsHj9t0P00y6vhp7VsGl0Si1sgrQ==",
      "dev": true,
      "license": "MIT"
    },
    "node_modules/@types/shallowequal": {
      "version": "1.1.5",
      "resolved": "https://registry.npmjs.org/@types/shallowequal/-/shallowequal-1.1.5.tgz",
      "integrity": "sha512-8afr1hbNqvZ/FBMY2mcfkkbk7xhlTZN4lVCgQf55YdjUQpWLemmrcvcHg94vjw+ZVIfPa3UZz/sOE6CkaMlDnQ==",
      "dev": true,
      "license": "MIT"
    },
    "node_modules/@types/tough-cookie": {
      "version": "4.0.5",
      "resolved": "https://registry.npmjs.org/@types/tough-cookie/-/tough-cookie-4.0.5.tgz",
      "integrity": "sha512-/Ad8+nIOV7Rl++6f1BdKxFSMgmoqEoYbHRpPcx3JEfv8VRsQe9Z4mCXeJBzxs7mbHY/XOZZuXlRNfhpVPbs6ZA==",
      "dev": true,
      "license": "MIT"
    },
    "node_modules/asynckit": {
      "version": "0.4.0",
      "resolved": "https://registry.npmjs.org/asynckit/-/asynckit-0.4.0.tgz",
      "integrity": "sha512-Oei9OH4tRh0YqU3GxhX79dM/mwVgvbZJaSNaRk+bshkj0S5cfHcgYakreBjrHwatXKbz+IoIdYLxrKim2MjW0Q==",
      "dev": true,
      "license": "MIT"
    },
    "node_modules/combined-stream": {
      "version": "1.0.8",
      "resolved": "https://registry.npmjs.org/combined-stream/-/combined-stream-1.0.8.tgz",
      "integrity": "sha512-FQN4MRfuJeHf7cBbBMJFXhKSDq+2kAArBlmRBvcvFE5BB1HZKXtSFASDhdlz9zOYwxh8lDdnvmMOe/+5cdoEdg==",
      "dev": true,
      "license": "MIT",
      "dependencies": {
        "delayed-stream": "~1.0.0"
      },
      "engines": {
        "node": ">= 0.8"
      }
    },
    "node_modules/csstype": {
      "version": "3.1.3",
      "resolved": "https://registry.npmjs.org/csstype/-/csstype-3.1.3.tgz",
      "integrity": "sha512-M1uQkMl8rQK/szD0LNhtqxIPLpimGm8sOBwU7lLnCpSbTyY3yeU1Vc7l4KT5zT4s/yOxHH5O7tIuuLOCnLADRw==",
      "dev": true,
      "license": "MIT"
    },
    "node_modules/delayed-stream": {
      "version": "1.0.0",
      "resolved": "https://registry.npmjs.org/delayed-stream/-/delayed-stream-1.0.0.tgz",
      "integrity": "sha512-ZySD7Nf91aLB0RxL4KGrKHBXl7Eds1DAmEdcoVawXnLD7SDhpNgtuII2aAkg7a7QS41jxPSZ17p4VdGnMHk3MQ==",
      "dev": true,
      "license": "MIT",
      "engines": {
        "node": ">=0.4.0"
      }
    },
    "node_modules/form-data": {
      "version": "2.5.2",
      "resolved": "https://registry.npmjs.org/form-data/-/form-data-2.5.2.tgz",
      "integrity": "sha512-GgwY0PS7DbXqajuGf4OYlsrIu3zgxD6Vvql43IBhm6MahqA5SK/7mwhtNj2AdH2z35YR34ujJ7BN+3fFC3jP5Q==",
      "dev": true,
      "license": "MIT",
      "dependencies": {
        "asynckit": "^0.4.0",
        "combined-stream": "^1.0.6",
        "mime-types": "^2.1.12",
        "safe-buffer": "^5.2.1"
      },
      "engines": {
        "node": ">= 0.12"
      }
    },
    "node_modules/mime-db": {
      "version": "1.52.0",
      "resolved": "https://registry.npmjs.org/mime-db/-/mime-db-1.52.0.tgz",
      "integrity": "sha512-sPU4uV7dYlvtWJxwwxHD0PuihVNiE7TyAbQ5SWxDCB9mUYvOgroQOwYQQOKPJ8CIbE+1ETVlOoK1UC2nU3gYvg==",
      "dev": true,
      "license": "MIT",
      "engines": {
        "node": ">= 0.6"
      }
    },
    "node_modules/mime-types": {
      "version": "2.1.35",
      "resolved": "https://registry.npmjs.org/mime-types/-/mime-types-2.1.35.tgz",
      "integrity": "sha512-ZDY+bPm5zTTF+YpCrAU9nK0UgICYPT0QtT1NZWFv4s++TNkcgVaT0g6+4R2uI4MjQjzysHB1zxuWL50hzaeXiw==",
      "dev": true,
      "license": "MIT",
      "dependencies": {
        "mime-db": "1.52.0"
      },
      "engines": {
        "node": ">= 0.6"
      }
    },
    "node_modules/safe-buffer": {
      "version": "5.2.1",
      "resolved": "https://registry.npmjs.org/safe-buffer/-/safe-buffer-5.2.1.tgz",
      "integrity": "sha512-rp3So07KcdmmKbGvgaNxQSJr7bGVSVk5S9Eq1F+ppbRo70+YeaDxkw5Dd8NPN+GD6bjnYm2VuPuCXmpuYvmCXQ==",
      "dev": true,
      "funding": [
        {
          "type": "github",
          "url": "https://github.com/sponsors/feross"
        },
        {
          "type": "patreon",
          "url": "https://www.patreon.com/feross"
        },
        {
          "type": "consulting",
          "url": "https://feross.org/support"
        }
      ],
      "license": "MIT"
    },
    "node_modules/types-registry": {
      "version": "0.1.699",
      "resolved": "https://registry.npmjs.org/types-registry/-/types-registry-0.1.699.tgz",
      "integrity": "sha512-IAiKo9SapdnbSnk6JnZTT+gWGpPRmwAtxhsWEfFR+yNOQl4ijRy2IBUJFG928u0wwX56P+6R3ZpzcooFFk3Ltg==",
      "license": "MIT"
    },
    "node_modules/undici-types": {
      "version": "6.20.0",
      "resolved": "https://registry.npmjs.org/undici-types/-/undici-types-6.20.0.tgz",
      "integrity": "sha512-Ny6QZ2Nju20vw1SRHe3d9jVu6gJ+4e3+MMpqu7pqE5HT6WsTSlce++GQmK5UXS8mzV8DSYHrQH+Xrf2jVcuKNg==",
      "dev": true,
      "license": "MIT"
    }
  }
}
